// !$*UTF8*$!
{
	archiveVersion = 1;
	classes = {
	};
	objectVersion = 55;
	objects = {

/* Begin PBXBuildFile section */
		1147839E28BB966A00DF0502 /* AppDelegate.swift in Sources */ = {isa = PBXBuildFile; fileRef = 1147839D28BB966A00DF0502 /* AppDelegate.swift */; };
		114783A028BB966A00DF0502 /* SceneDelegate.swift in Sources */ = {isa = PBXBuildFile; fileRef = 1147839F28BB966A00DF0502 /* SceneDelegate.swift */; };
		114783A228BB966A00DF0502 /* WeatherViewController.swift in Sources */ = {isa = PBXBuildFile; fileRef = 114783A128BB966A00DF0502 /* WeatherViewController.swift */; };
		114783A528BB966A00DF0502 /* Main.storyboard in Resources */ = {isa = PBXBuildFile; fileRef = 114783A328BB966A00DF0502 /* Main.storyboard */; };
		114783A728BB966C00DF0502 /* Assets.xcassets in Resources */ = {isa = PBXBuildFile; fileRef = 114783A628BB966C00DF0502 /* Assets.xcassets */; };
		114783AA28BB966C00DF0502 /* LaunchScreen.storyboard in Resources */ = {isa = PBXBuildFile; fileRef = 114783A828BB966C00DF0502 /* LaunchScreen.storyboard */; };
		114783B728BB98BD00DF0502 /* Quicksand-SemiBold.ttf in Resources */ = {isa = PBXBuildFile; fileRef = 114783B628BB98BD00DF0502 /* Quicksand-SemiBold.ttf */; };
		114783B928BB9F1800DF0502 /* DesignableTextField.swift in Sources */ = {isa = PBXBuildFile; fileRef = 114783B828BB9F1800DF0502 /* DesignableTextField.swift */; };
		114783BB28BBA2BD00DF0502 /* BounceButton.swift in Sources */ = {isa = PBXBuildFile; fileRef = 114783BA28BBA2BD00DF0502 /* BounceButton.swift */; };
		114783BD28BBA31900DF0502 /* DesignButton.swift in Sources */ = {isa = PBXBuildFile; fileRef = 114783BC28BBA31900DF0502 /* DesignButton.swift */; };
		114783BF28BBA4D100DF0502 /* WeatherDataModel.swift in Sources */ = {isa = PBXBuildFile; fileRef = 114783BE28BBA4D100DF0502 /* WeatherDataModel.swift */; };
		114783C128BBA65600DF0502 /* ChangeCityViewController.swift in Sources */ = {isa = PBXBuildFile; fileRef = 114783C028BBA65600DF0502 /* ChangeCityViewController.swift */; };
		114783C428BBA7A600DF0502 /* Alamofire in Frameworks */ = {isa = PBXBuildFile; productRef = 114783C328BBA7A600DF0502 /* Alamofire */; };
		114783C728BBA81500DF0502 /* SwiftyJSON in Frameworks */ = {isa = PBXBuildFile; productRef = 114783C628BBA81500DF0502 /* SwiftyJSON */; };
/* End PBXBuildFile section */

/* Begin PBXFileReference section */
		1147839A28BB966A00DF0502 /* OpenWeatherApp.app */ = {isa = PBXFileReference; explicitFileType = wrapper.application; includeInIndex = 0; path = OpenWeatherApp.app; sourceTree = BUILT_PRODUCTS_DIR; };
		1147839D28BB966A00DF0502 /* AppDelegate.swift */ = {isa = PBXFileReference; lastKnownFileType = sourcecode.swift; path = AppDelegate.swift; sourceTree = "<group>"; };
		1147839F28BB966A00DF0502 /* SceneDelegate.swift */ = {isa = PBXFileReference; lastKnownFileType = sourcecode.swift; path = SceneDelegate.swift; sourceTree = "<group>"; };
		114783A128BB966A00DF0502 /* WeatherViewController.swift */ = {isa = PBXFileReference; lastKnownFileType = sourcecode.swift; path = WeatherViewController.swift; sourceTree = "<group>"; };
		114783A428BB966A00DF0502 /* Base */ = {isa = PBXFileReference; lastKnownFileType = file.storyboard; name = Base; path = Base.lproj/Main.storyboard; sourceTree = "<group>"; };
		114783A628BB966C00DF0502 /* Assets.xcassets */ = {isa = PBXFileReference; lastKnownFileType = folder.assetcatalog; path = Assets.xcassets; sourceTree = "<group>"; };
		114783A928BB966C00DF0502 /* Base */ = {isa = PBXFileReference; lastKnownFileType = file.storyboard; name = Base; path = Base.lproj/LaunchScreen.storyboard; sourceTree = "<group>"; };
		114783AB28BB966C00DF0502 /* Info.plist */ = {isa = PBXFileReference; lastKnownFileType = text.plist.xml; path = Info.plist; sourceTree = "<group>"; };
		114783B628BB98BD00DF0502 /* Quicksand-SemiBold.ttf */ = {isa = PBXFileReference; lastKnownFileType = file; path = "Quicksand-SemiBold.ttf"; sourceTree = "<group>"; };
		114783B828BB9F1800DF0502 /* DesignableTextField.swift */ = {isa = PBXFileReference; lastKnownFileType = sourcecode.swift; path = DesignableTextField.swift; sourceTree = "<group>"; };
		114783BA28BBA2BD00DF0502 /* BounceButton.swift */ = {isa = PBXFileReference; lastKnownFileType = sourcecode.swift; path = BounceButton.swift; sourceTree = "<group>"; };
		114783BC28BBA31900DF0502 /* DesignButton.swift */ = {isa = PBXFileReference; lastKnownFileType = sourcecode.swift; path = DesignButton.swift; sourceTree = "<group>"; };
		114783BE28BBA4D100DF0502 /* WeatherDataModel.swift */ = {isa = PBXFileReference; lastKnownFileType = sourcecode.swift; path = WeatherDataModel.swift; sourceTree = "<group>"; };
		114783C028BBA65600DF0502 /* ChangeCityViewController.swift */ = {isa = PBXFileReference; lastKnownFileType = sourcecode.swift; path = ChangeCityViewController.swift; sourceTree = "<group>"; };
/* End PBXFileReference section */

/* Begin PBXFrameworksBuildPhase section */
		1147839728BB966A00DF0502 /* Frameworks */ = {
			isa = PBXFrameworksBuildPhase;
			buildActionMask = 2147483647;
			files = (
				114783C728BBA81500DF0502 /* SwiftyJSON in Frameworks */,
				114783C428BBA7A600DF0502 /* Alamofire in Frameworks */,
			);
			runOnlyForDeploymentPostprocessing = 0;
		};
/* End PBXFrameworksBuildPhase section */

/* Begin PBXGroup section */
		1147839128BB966A00DF0502 = {
			isa = PBXGroup;
			children = (
				1147839C28BB966A00DF0502 /* OpenWeatherApp */,
				1147839B28BB966A00DF0502 /* Products */,
			);
			sourceTree = "<group>";
		};
		1147839B28BB966A00DF0502 /* Products */ = {
			isa = PBXGroup;
			children = (
				1147839A28BB966A00DF0502 /* OpenWeatherApp.app */,
			);
			name = Products;
			sourceTree = "<group>";
		};
		1147839C28BB966A00DF0502 /* OpenWeatherApp */ = {
			isa = PBXGroup;
			children = (
				114783B528BB96DD00DF0502 /* ExtraResources */,
				114783B428BB96D300DF0502 /* Model */,
				114783B128BB968500DF0502 /* AppDelegate */,
				114783B228BB969000DF0502 /* Controller */,
				114783B328BB969B00DF0502 /* View */,
				114783A628BB966C00DF0502 /* Assets.xcassets */,
				114783AB28BB966C00DF0502 /* Info.plist */,
			);
			path = OpenWeatherApp;
			sourceTree = "<group>";
		};
		114783B128BB968500DF0502 /* AppDelegate */ = {
			isa = PBXGroup;
			children = (
				1147839D28BB966A00DF0502 /* AppDelegate.swift */,
				1147839F28BB966A00DF0502 /* SceneDelegate.swift */,
			);
			path = AppDelegate;
			sourceTree = "<group>";
		};
		114783B228BB969000DF0502 /* Controller */ = {
			isa = PBXGroup;
			children = (
				114783A128BB966A00DF0502 /* WeatherViewController.swift */,
				114783C028BBA65600DF0502 /* ChangeCityViewController.swift */,
			);
			path = Controller;
			sourceTree = "<group>";
		};
		114783B328BB969B00DF0502 /* View */ = {
			isa = PBXGroup;
			children = (
				114783A328BB966A00DF0502 /* Main.storyboard */,
				114783A828BB966C00DF0502 /* LaunchScreen.storyboard */,
			);
			path = View;
			sourceTree = "<group>";
		};
		114783B428BB96D300DF0502 /* Model */ = {
			isa = PBXGroup;
			children = (
				114783BE28BBA4D100DF0502 /* WeatherDataModel.swift */,
			);
			path = Model;
			sourceTree = "<group>";
		};
		114783B528BB96DD00DF0502 /* ExtraResources */ = {
			isa = PBXGroup;
			children = (
				114783B628BB98BD00DF0502 /* Quicksand-SemiBold.ttf */,
				114783B828BB9F1800DF0502 /* DesignableTextField.swift */,
				114783BA28BBA2BD00DF0502 /* BounceButton.swift */,
				114783BC28BBA31900DF0502 /* DesignButton.swift */,
			);
			path = ExtraResources;
			sourceTree = "<group>";
		};
/* End PBXGroup section */

/* Begin PBXNativeTarget section */
		1147839928BB966A00DF0502 /* OpenWeatherApp */ = {
			isa = PBXNativeTarget;
			buildConfigurationList = 114783AE28BB966C00DF0502 /* Build configuration list for PBXNativeTarget "OpenWeatherApp" */;
			buildPhases = (
				1147839628BB966A00DF0502 /* Sources */,
				1147839728BB966A00DF0502 /* Frameworks */,
				1147839828BB966A00DF0502 /* Resources */,
			);
			buildRules = (
			);
			dependencies = (
			);
			name = OpenWeatherApp;
			packageProductDependencies = (
				114783C328BBA7A600DF0502 /* Alamofire */,
				114783C628BBA81500DF0502 /* SwiftyJSON */,
			);
			productName = OpenWeatherApp;
			productReference = 1147839A28BB966A00DF0502 /* OpenWeatherApp.app */;
			productType = "com.apple.product-type.application";
		};
/* End PBXNativeTarget section */

/* Begin PBXProject section */
		1147839228BB966A00DF0502 /* Project object */ = {
			isa = PBXProject;
			attributes = {
				BuildIndependentTargetsInParallel = 1;
				LastSwiftUpdateCheck = 1340;
				LastUpgradeCheck = 1340;
				TargetAttributes = {
					1147839928BB966A00DF0502 = {
						CreatedOnToolsVersion = 13.4.1;
					};
				};
			};
			buildConfigurationList = 1147839528BB966A00DF0502 /* Build configuration list for PBXProject "OpenWeatherApp" */;
			compatibilityVersion = "Xcode 13.0";
			developmentRegion = en;
			hasScannedForEncodings = 0;
			knownRegions = (
				en,
				Base,
			);
			mainGroup = 1147839128BB966A00DF0502;
			packageReferences = (
				114783C228BBA7A600DF0502 /* XCRemoteSwiftPackageReference "Alamofire" */,
				114783C528BBA81500DF0502 /* XCRemoteSwiftPackageReference "SwiftyJSON" */,
			);
			productRefGroup = 1147839B28BB966A00DF0502 /* Products */;
			projectDirPath = "";
			projectRoot = "";
			targets = (
				1147839928BB966A00DF0502 /* OpenWeatherApp */,
			);
		};
/* End PBXProject section */

/* Begin PBXResourcesBuildPhase section */
		1147839828BB966A00DF0502 /* Resources */ = {
			isa = PBXResourcesBuildPhase;
			buildActionMask = 2147483647;
			files = (
				114783AA28BB966C00DF0502 /* LaunchScreen.storyboard in Resources */,
				114783B728BB98BD00DF0502 /* Quicksand-SemiBold.ttf in Resources */,
				114783A728BB966C00DF0502 /* Assets.xcassets in Resources */,
				114783A528BB966A00DF0502 /* Main.storyboard in Resources */,
			);
			runOnlyForDeploymentPostprocessing = 0;
		};
/* End PBXResourcesBuildPhase section */

/* Begin PBXSourcesBuildPhase section */
		1147839628BB966A00DF0502 /* Sources */ = {
			isa = PBXSourcesBuildPhase;
			buildActionMask = 2147483647;
			files = (
				114783A228BB966A00DF0502 /* WeatherViewController.swift in Sources */,
				114783BB28BBA2BD00DF0502 /* BounceButton.swift in Sources */,
				114783BF28BBA4D100DF0502 /* WeatherDataModel.swift in Sources */,
				1147839E28BB966A00DF0502 /* AppDelegate.swift in Sources */,
				114783BD28BBA31900DF0502 /* DesignButton.swift in Sources */,
				114783A028BB966A00DF0502 /* SceneDelegate.swift in Sources */,
				114783B928BB9F1800DF0502 /* DesignableTextField.swift in Sources */,
				114783C128BBA65600DF0502 /* ChangeCityViewController.swift in Sources */,
			);
			runOnlyForDeploymentPostprocessing = 0;
		};
/* End PBXSourcesBuildPhase section */

/* Begin PBXVariantGroup section */
		114783A328BB966A00DF0502 /* Main.storyboard */ = {
			isa = PBXVariantGroup;
			children = (
				114783A428BB966A00DF0502 /* Base */,
			);
			name = Main.storyboard;
			sourceTree = "<group>";
		};
		114783A828BB966C00DF0502 /* LaunchScreen.storyboard */ = {
			isa = PBXVariantGroup;
			children = (
				114783A928BB966C00DF0502 /* Base */,
			);
			name = LaunchScreen.storyboard;
			sourceTree = "<group>";
		};
/* End PBXVariantGroup section */

/* Begin XCBuildConfiguration section */
		114783AC28BB966C00DF0502 /* Debug */ = {
			isa = XCBuildConfiguration;
			buildSettings = {
				ALWAYS_SEARCH_USER_PATHS = NO;
				CLANG_ANALYZER_NONNULL = YES;
				CLANG_ANALYZER_NUMBER_OBJECT_CONVERSION = YES_AGGRESSIVE;
				CLANG_CXX_LANGUAGE_STANDARD = "gnu++17";
				CLANG_ENABLE_MODULES = YES;
				CLANG_ENABLE_OBJC_ARC = YES;
				CLANG_ENABLE_OBJC_WEAK = YES;
				CLANG_WARN_BLOCK_CAPTURE_AUTORELEASING = YES;
				CLANG_WARN_BOOL_CONVERSION = YES;
				CLANG_WARN_COMMA = YES;
				CLANG_WARN_CONSTANT_CONVERSION = YES;
				CLANG_WARN_DEPRECATED_OBJC_IMPLEMENTATIONS = YES;
				CLANG_WARN_DIRECT_OBJC_ISA_USAGE = YES_ERROR;
				CLANG_WARN_DOCUMENTATION_COMMENTS = YES;
				CLANG_WARN_EMPTY_BODY = YES;
				CLANG_WARN_ENUM_CONVERSION = YES;
				CLANG_WARN_INFINITE_RECURSION = YES;
				CLANG_WARN_INT_CONVERSION = YES;
				CLANG_WARN_NON_LITERAL_NULL_CONVERSION = YES;
				CLANG_WARN_OBJC_IMPLICIT_RETAIN_SELF = YES;
				CLANG_WARN_OBJC_LITERAL_CONVERSION = YES;
				CLANG_WARN_OBJC_ROOT_CLASS = YES_ERROR;
				CLANG_WARN_QUOTED_INCLUDE_IN_FRAMEWORK_HEADER = YES;
				CLANG_WARN_RANGE_LOOP_ANALYSIS = YES;
				CLANG_WARN_STRICT_PROTOTYPES = YES;
				CLANG_WARN_SUSPICIOUS_MOVE = YES;
				CLANG_WARN_UNGUARDED_AVAILABILITY = YES_AGGRESSIVE;
				CLANG_WARN_UNREACHABLE_CODE = YES;
				CLANG_WARN__DUPLICATE_METHOD_MATCH = YES;
				COPY_PHASE_STRIP = NO;
				DEBUG_INFORMATION_FORMAT = dwarf;
				ENABLE_STRICT_OBJC_MSGSEND = YES;
				ENABLE_TESTABILITY = YES;
				GCC_C_LANGUAGE_STANDARD = gnu11;
				GCC_DYNAMIC_NO_PIC = NO;
				GCC_NO_COMMON_BLOCKS = YES;
				GCC_OPTIMIZATION_LEVEL = 0;
				GCC_PREPROCESSOR_DEFINITIONS = (
					"DEBUG=1",
					"$(inherited)",
				);
				GCC_WARN_64_TO_32_BIT_CONVERSION = YES;
				GCC_WARN_ABOUT_RETURN_TYPE = YES_ERROR;
				GCC_WARN_UNDECLARED_SELECTOR = YES;
				GCC_WARN_UNINITIALIZED_AUTOS = YES_AGGRESSIVE;
				GCC_WARN_UNUSED_FUNCTION = YES;
				GCC_WARN_UNUSED_VARIABLE = YES;
				IPHONEOS_DEPLOYMENT_TARGET = 15.5;
				MTL_ENABLE_DEBUG_INFO = INCLUDE_SOURCE;
				MTL_FAST_MATH = YES;
				ONLY_ACTIVE_ARCH = YES;
				SDKROOT = iphoneos;
				SWIFT_ACTIVE_COMPILATION_CONDITIONS = DEBUG;
				SWIFT_OPTIMIZATION_LEVEL = "-Onone";
			};
			name = Debug;
		};
		114783AD28BB966C00DF0502 /* Release */ = {
			isa = XCBuildConfiguration;
			buildSettings = {
				ALWAYS_SEARCH_USER_PATHS = NO;
				CLANG_ANALYZER_NONNULL = YES;
				CLANG_ANALYZER_NUMBER_OBJECT_CONVERSION = YES_AGGRESSIVE;
				CLANG_CXX_LANGUAGE_STANDARD = "gnu++17";
				CLANG_ENABLE_MODULES = YES;
				CLANG_ENABLE_OBJC_ARC = YES;
				CLANG_ENABLE_OBJC_WEAK = YES;
				CLANG_WARN_BLOCK_CAPTURE_AUTORELEASING = YES;
				CLANG_WARN_BOOL_CONVERSION = YES;
				CLANG_WARN_COMMA = YES;
				CLANG_WARN_CONSTANT_CONVERSION = YES;
				CLANG_WARN_DEPRECATED_OBJC_IMPLEMENTATIONS = YES;
				CLANG_WARN_DIRECT_OBJC_ISA_USAGE = YES_ERROR;
				CLANG_WARN_DOCUMENTATION_COMMENTS = YES;
				CLANG_WARN_EMPTY_BODY = YES;
				CLANG_WARN_ENUM_CONVERSION = YES;
				CLANG_WARN_INFINITE_RECURSION = YES;
				CLANG_WARN_INT_CONVERSION = YES;
				CLANG_WARN_NON_LITERAL_NULL_CONVERSION = YES;
				CLANG_WARN_OBJC_IMPLICIT_RETAIN_SELF = YES;
				CLANG_WARN_OBJC_LITERAL_CONVERSION = YES;
				CLANG_WARN_OBJC_ROOT_CLASS = YES_ERROR;
				CLANG_WARN_QUOTED_INCLUDE_IN_FRAMEWORK_HEADER = YES;
				CLANG_WARN_RANGE_LOOP_ANALYSIS = YES;
				CLANG_WARN_STRICT_PROTOTYPES = YES;
				CLANG_WARN_SUSPICIOUS_MOVE = YES;
				CLANG_WARN_UNGUARDED_AVAILABILITY = YES_AGGRESSIVE;
				CLANG_WARN_UNREACHABLE_CODE = YES;
				CLANG_WARN__DUPLICATE_METHOD_MATCH = YES;
				COPY_PHASE_STRIP = NO;
				DEBUG_INFORMATION_FORMAT = "dwarf-with-dsym";
				ENABLE_NS_ASSERTIONS = NO;
				ENABLE_STRICT_OBJC_MSGSEND = YES;
				GCC_C_LANGUAGE_STANDARD = gnu11;
				GCC_NO_COMMON_BLOCKS = YES;
				GCC_WARN_64_TO_32_BIT_CONVERSION = YES;
				GCC_WARN_ABOUT_RETURN_TYPE = YES_ERROR;
				GCC_WARN_UNDECLARED_SELECTOR = YES;
				GCC_WARN_UNINITIALIZED_AUTOS = YES_AGGRESSIVE;
				GCC_WARN_UNUSED_FUNCTION = YES;
				GCC_WARN_UNUSED_VARIABLE = YES;
				IPHONEOS_DEPLOYMENT_TARGET = 15.5;
				MTL_ENABLE_DEBUG_INFO = NO;
				MTL_FAST_MATH = YES;
				SDKROOT = iphoneos;
				SWIFT_COMPILATION_MODE = wholemodule;
				SWIFT_OPTIMIZATION_LEVEL = "-O";
				VALIDATE_PRODUCT = YES;
			};
			name = Release;
		};
		114783AF28BB966C00DF0502 /* Debug */ = {
			isa = XCBuildConfiguration;
			buildSettings = {
				ASSETCATALOG_COMPILER_APPICON_NAME = AppIcon;
				ASSETCATALOG_COMPILER_GLOBAL_ACCENT_COLOR_NAME = AccentColor;
				CODE_SIGN_STYLE = Automatic;
				CURRENT_PROJECT_VERSION = 1;
				DEVELOPMENT_TEAM = QDRRU3Y7QM;
				GENERATE_INFOPLIST_FILE = YES;
				INFOPLIST_FILE = OpenWeatherApp/Info.plist;
				INFOPLIST_KEY_NSLocationAlwaysAndWhenInUseUsageDescription = "Open Weather App needs your location to obtain weather for you";
				INFOPLIST_KEY_NSLocationUsageDescription = "Open Weather App needs your location to obtain weather for you";
				INFOPLIST_KEY_NSLocationWhenInUseUsageDescription = "Open Weather App needs your location to obtain weather for you";
				INFOPLIST_KEY_UIApplicationSupportsIndirectInputEvents = YES;
				INFOPLIST_KEY_UILaunchStoryboardName = LaunchScreen;
				INFOPLIST_KEY_UIMainStoryboardFile = Main;
				INFOPLIST_KEY_UISupportedInterfaceOrientations_iPad = "UIInterfaceOrientationPortrait UIInterfaceOrientationPortraitUpsideDown UIInterfaceOrientationLandscapeLeft UIInterfaceOrientationLandscapeRight";
				INFOPLIST_KEY_UISupportedInterfaceOrientations_iPhone = "UIInterfaceOrientationPortrait UIInterfaceOrientationLandscapeLeft UIInterfaceOrientationLandscapeRight";
				LD_RUNPATH_SEARCH_PATHS = (
					"$(inherited)",
					"@executable_path/Frameworks",
				);
				MARKETING_VERSION = 1.0;
				PRODUCT_BUNDLE_IDENTIFIER = com.accenturebootcamp.OpenWeatherApp;
				PRODUCT_NAME = "$(TARGET_NAME)";
				SWIFT_EMIT_LOC_STRINGS = YES;
				SWIFT_VERSION = 5.0;
				TARGETED_DEVICE_FAMILY = "1,2";
			};
			name = Debug;
		};
		114783B028BB966C00DF0502 /* Release */ = {
			isa = XCBuildConfiguration;
			buildSettings = {
				ASSETCATALOG_COMPILER_APPICON_NAME = AppIcon;
				ASSETCATALOG_COMPILER_GLOBAL_ACCENT_COLOR_NAME = AccentColor;
				CODE_SIGN_STYLE = Automatic;
				CURRENT_PROJECT_VERSION = 1;
				DEVELOPMENT_TEAM = QDRRU3Y7QM;
				GENERATE_INFOPLIST_FILE = YES;
				INFOPLIST_FILE = OpenWeatherApp/Info.plist;
				INFOPLIST_KEY_NSLocationAlwaysAndWhenInUseUsageDescription = "Open Weather App needs your location to obtain weather for you";
				INFOPLIST_KEY_NSLocationUsageDescription = "Open Weather App needs your location to obtain weather for you";
				INFOPLIST_KEY_NSLocationWhenInUseUsageDescription = "Open Weather App needs your location to obtain weather for you";
				INFOPLIST_KEY_UIApplicationSupportsIndirectInputEvents = YES;
				INFOPLIST_KEY_UILaunchStoryboardName = LaunchScreen;
				INFOPLIST_KEY_UIMainStoryboardFile = Main;
				INFOPLIST_KEY_UISupportedInterfaceOrientations_iPad = "UIInterfaceOrientationPortrait UIInterfaceOrientationPortraitUpsideDown UIInterfaceOrientationLandscapeLeft UIInterfaceOrientationLandscapeRight";
				INFOPLIST_KEY_UISupportedInterfaceOrientations_iPhone = "UIInterfaceOrientationPortrait UIInterfaceOrientationLandscapeLeft UIInterfaceOrientationLandscapeRight";
				LD_RUNPATH_SEARCH_PATHS = (
					"$(inherited)",
					"@executable_path/Frameworks",
				);
				MARKETING_VERSION = 1.0;
				PRODUCT_BUNDLE_IDENTIFIER = com.accenturebootcamp.OpenWeatherApp;
				PRODUCT_NAME = "$(TARGET_NAME)";
				SWIFT_EMIT_LOC_STRINGS = YES;
				SWIFT_VERSION = 5.0;
				TARGETED_DEVICE_FAMILY = "1,2";
			};
			name = Release;
		};
/* End XCBuildConfiguration section */

/* Begin XCConfigurationList section */
		1147839528BB966A00DF0502 /* Build configuration list for PBXProject "OpenWeatherApp" */ = {
			isa = XCConfigurationList;
			buildConfigurations = (
				114783AC28BB966C00DF0502 /* Debug */,
				114783AD28BB966C00DF0502 /* Release */,
			);
			defaultConfigurationIsVisible = 0;
			defaultConfigurationName = Release;
		};
		114783AE28BB966C00DF0502 /* Build configuration list for PBXNativeTarget "OpenWeatherApp" */ = {
			isa = XCConfigurationList;
			buildConfigurations = (
				114783AF28BB966C00DF0502 /* Debug */,
				114783B028BB966C00DF0502 /* Release */,
			);
			defaultConfigurationIsVisible = 0;
			defaultConfigurationName = Release;
		};
/* End XCConfigurationList section */

/* Begin XCRemoteSwiftPackageReference section */
		114783C228BBA7A600DF0502 /* XCRemoteSwiftPackageReference "Alamofire" */ = {
			isa = XCRemoteSwiftPackageReference;
			repositoryURL = "https://github.com/Alamofire/Alamofire";
			requirement = {
				kind = upToNextMajorVersion;
				minimumVersion = 5.0.0;
			};
		};
		114783C528BBA81500DF0502 /* XCRemoteSwiftPackageReference "SwiftyJSON" */ = {
			isa = XCRemoteSwiftPackageReference;
			repositoryURL = "https://github.com/SwiftyJSON/SwiftyJSON";
			requirement = {
				kind = upToNextMajorVersion;
				minimumVersion = 5.0.0;
			};
		};
/* End XCRemoteSwiftPackageReference section */

/* Begin XCSwiftPackageProductDependency section */
		114783C328BBA7A600DF0502 /* Alamofire */ = {
			isa = XCSwiftPackageProductDependency;
			package = 114783C228BBA7A600DF0502 /* XCRemoteSwiftPackageReference "Alamofire" */;
			productName = Alamofire;
		};
		114783C628BBA81500DF0502 /* SwiftyJSON */ = {
			isa = XCSwiftPackageProductDependency;
			package = 114783C528BBA81500DF0502 /* XCRemoteSwiftPackageReference "SwiftyJSON" */;
			productName = SwiftyJSON;
		};
/* End XCSwiftPackageProductDependency section */
	};
	rootObject = 1147839228BB966A00DF0502 /* Project object */;
}
